// !$*UTF8*$!
{
	archiveVersion = 1;
	classes = {
	};
	objectVersion = 46;
	objects = {

/* Begin PBXBuildFile section */
		635CD83313A3E3F100C5DE8C /* UIKit.framework in Frameworks */ = {isa = PBXBuildFile; fileRef = 635CD83213A3E3F100C5DE8C /* UIKit.framework */; };
		635CD83513A3E3F100C5DE8C /* Foundation.framework in Frameworks */ = {isa = PBXBuildFile; fileRef = 635CD83413A3E3F100C5DE8C /* Foundation.framework */; };
		635CD83713A3E3F100C5DE8C /* CoreGraphics.framework in Frameworks */ = {isa = PBXBuildFile; fileRef = 635CD83613A3E3F100C5DE8C /* CoreGraphics.framework */; };
		635CD83D13A3E3F100C5DE8C /* InfoPlist.strings in Resources */ = {isa = PBXBuildFile; fileRef = 635CD83B13A3E3F100C5DE8C /* InfoPlist.strings */; };
		635CD84013A3E3F100C5DE8C /* main.m in Sources */ = {isa = PBXBuildFile; fileRef = 635CD83F13A3E3F100C5DE8C /* main.m */; };
		635CD84313A3E3F100C5DE8C /* NADCAppDelegate.m in Sources */ = {isa = PBXBuildFile; fileRef = 635CD84213A3E3F100C5DE8C /* NADCAppDelegate.m */; };
		635CD84613A3E3F100C5DE8C /* MainWindow.xib in Resources */ = {isa = PBXBuildFile; fileRef = 635CD84413A3E3F100C5DE8C /* MainWindow.xib */; };
		635CD84913A3E3F100C5DE8C /* FirstViewController.m in Sources */ = {isa = PBXBuildFile; fileRef = 635CD84813A3E3F100C5DE8C /* FirstViewController.m */; };
		635CD84C13A3E3F200C5DE8C /* SecondViewController.m in Sources */ = {isa = PBXBuildFile; fileRef = 635CD84B13A3E3F200C5DE8C /* SecondViewController.m */; };
		635CD84F13A3E3F200C5DE8C /* FirstView.xib in Resources */ = {isa = PBXBuildFile; fileRef = 635CD84D13A3E3F200C5DE8C /* FirstView.xib */; };
		635CD85213A3E3F200C5DE8C /* SecondView.xib in Resources */ = {isa = PBXBuildFile; fileRef = 635CD85013A3E3F200C5DE8C /* SecondView.xib */; };
		635CD85913A3E3F200C5DE8C /* UIKit.framework in Frameworks */ = {isa = PBXBuildFile; fileRef = 635CD83213A3E3F100C5DE8C /* UIKit.framework */; };
		635CD85A13A3E3F200C5DE8C /* Foundation.framework in Frameworks */ = {isa = PBXBuildFile; fileRef = 635CD83413A3E3F100C5DE8C /* Foundation.framework */; };
		635CD85B13A3E3F200C5DE8C /* CoreGraphics.framework in Frameworks */ = {isa = PBXBuildFile; fileRef = 635CD83613A3E3F100C5DE8C /* CoreGraphics.framework */; };
		635CD86313A3E3F200C5DE8C /* InfoPlist.strings in Resources */ = {isa = PBXBuildFile; fileRef = 635CD86113A3E3F200C5DE8C /* InfoPlist.strings */; };
		635CD86613A3E3F200C5DE8C /* NADCTests.h in Resources */ = {isa = PBXBuildFile; fileRef = 635CD86513A3E3F200C5DE8C /* NADCTests.h */; };
		635CD86813A3E3F200C5DE8C /* NADCTests.m in Sources */ = {isa = PBXBuildFile; fileRef = 635CD86713A3E3F200C5DE8C /* NADCTests.m */; };
		635CD87213A3E4C400C5DE8C /* top_nad_banner.jpg in Resources */ = {isa = PBXBuildFile; fileRef = 635CD87113A3E4C400C5DE8C /* top_nad_banner.jpg */; };
		6385803113BCF46C00B89519 /* bg_tables.png in Resources */ = {isa = PBXBuildFile; fileRef = 6385803013BCF46C00B89519 /* bg_tables.png */; };
		6385803313BCFD4500B89519 /* launchimage.png in Resources */ = {isa = PBXBuildFile; fileRef = 6385803213BCFD4500B89519 /* launchimage.png */; };
		6385803913BCFEAD00B89519 /* launchimage@2x.png in Resources */ = {isa = PBXBuildFile; fileRef = 6385803813BCFEAD00B89519 /* launchimage@2x.png */; };
		63B3509213B179AF00DD56EE /* top_banner.png in Resources */ = {isa = PBXBuildFile; fileRef = 63B3509113B179AF00DD56EE /* top_banner.png */; };
		63C0350D13B1B04700003877 /* iTunesArtwork in Resources */ = {isa = PBXBuildFile; fileRef = 63C0350C13B1B04700003877 /* iTunesArtwork */; };
		63C0351113B1B1CB00003877 /* icon.png in Resources */ = {isa = PBXBuildFile; fileRef = 63C0350F13B1B1CB00003877 /* icon.png */; };
		63C0351213B1B1CB00003877 /* Icon@2x.png in Resources */ = {isa = PBXBuildFile; fileRef = 63C0351013B1B1CB00003877 /* Icon@2x.png */; };
		63CF89D613A9A24200247423 /* GeneralQuestions.m in Sources */ = {isa = PBXBuildFile; fileRef = 63CF89D413A9A24200247423 /* GeneralQuestions.m */; };
		63CF89D713A9A24200247423 /* GeneralQuestions.xib in Resources */ = {isa = PBXBuildFile; fileRef = 63CF89D513A9A24200247423 /* GeneralQuestions.xib */; };
		63CF89DC13A9A25500247423 /* Interior.m in Sources */ = {isa = PBXBuildFile; fileRef = 63CF89DA13A9A25500247423 /* Interior.m */; };
		63CF89DD13A9A25500247423 /* Interior.xib in Resources */ = {isa = PBXBuildFile; fileRef = 63CF89DB13A9A25500247423 /* Interior.xib */; };
		63CF89F913A9A52400247423 /* Exterior.m in Sources */ = {isa = PBXBuildFile; fileRef = 63CF89F713A9A52400247423 /* Exterior.m */; };
		63CF89FA13A9A52400247423 /* Exterior.xib in Resources */ = {isa = PBXBuildFile; fileRef = 63CF89F813A9A52400247423 /* Exterior.xib */; };
		63CF8A0413A9A6C100247423 /* elist.plist in Resources */ = {isa = PBXBuildFile; fileRef = 63CF8A0013A9A6C100247423 /* elist.plist */; };
		63CF8A0513A9A6C100247423 /* glist.plist in Resources */ = {isa = PBXBuildFile; fileRef = 63CF8A0113A9A6C100247423 /* glist.plist */; };
		63CF8A0613A9A6C100247423 /* ilist.plist in Resources */ = {isa = PBXBuildFile; fileRef = 63CF8A0213A9A6C100247423 /* ilist.plist */; };
		63CF8A0713A9A6C100247423 /* tlist.plist in Resources */ = {isa = PBXBuildFile; fileRef = 63CF8A0313A9A6C100247423 /* tlist.plist */; };
		63CF8A0B13A9C6EA00247423 /* TestDrive.m in Sources */ = {isa = PBXBuildFile; fileRef = 63CF8A0913A9C6E900247423 /* TestDrive.m */; };
		63CF8A0C13A9C6EA00247423 /* TestDrive.xib in Resources */ = {isa = PBXBuildFile; fileRef = 63CF8A0A13A9C6E900247423 /* TestDrive.xib */; };
		63CF8A0E13A9CE7C00247423 /* tslist.plist in Resources */ = {isa = PBXBuildFile; fileRef = 63CF8A0D13A9CE7C00247423 /* tslist.plist */; };
		63CF8A1213A9CFC900247423 /* eslist.plist in Resources */ = {isa = PBXBuildFile; fileRef = 63CF8A0F13A9CFC900247423 /* eslist.plist */; };
		63CF8A1313A9CFC900247423 /* gslist.plist in Resources */ = {isa = PBXBuildFile; fileRef = 63CF8A1013A9CFC900247423 /* gslist.plist */; };
		63CF8A1413A9CFC900247423 /* islist.plist in Resources */ = {isa = PBXBuildFile; fileRef = 63CF8A1113A9CFC900247423 /* islist.plist */; };
		63E1CC5013AA7B1C00F2FAAE /* cell_gradient.png in Resources */ = {isa = PBXBuildFile; fileRef = 63E1CC4F13AA7B1C00F2FAAE /* cell_gradient.png */; };
		63E1CC5213AA7BCA00F2FAAE /* cellimage.png in Resources */ = {isa = PBXBuildFile; fileRef = 63E1CC5113AA7BCA00F2FAAE /* cellimage.png */; };
		63E1CC5413AA7CED00F2FAAE /* fslist.plist in Resources */ = {isa = PBXBuildFile; fileRef = 63E1CC5313AA7CED00F2FAAE /* fslist.plist */; };
		63E1CC5713AA80C500F2FAAE /* tbabout.png in Resources */ = {isa = PBXBuildFile; fileRef = 63E1CC5513AA80C500F2FAAE /* tbabout.png */; };
		63E1CC5813AA80C500F2FAAE /* tbchecklist.png in Resources */ = {isa = PBXBuildFile; fileRef = 63E1CC5613AA80C500F2FAAE /* tbchecklist.png */; };
		63E1CC5A13AA9F0300F2FAAE /* disclosure.png in Resources */ = {isa = PBXBuildFile; fileRef = 63E1CC5913AA9F0200F2FAAE /* disclosure.png */; };
		63FA4D9913AC45F400D47230 /* Engine.m in Sources */ = {isa = PBXBuildFile; fileRef = 63FA4D9713AC45F400D47230 /* Engine.m */; };
		63FA4D9A13AC45F400D47230 /* Engine.xib in Resources */ = {isa = PBXBuildFile; fileRef = 63FA4D9813AC45F400D47230 /* Engine.xib */; };
		63FA4D9E13AC46DE00D47230 /* etlist.plist in Resources */ = {isa = PBXBuildFile; fileRef = 63FA4D9C13AC46DE00D47230 /* etlist.plist */; };
		63FA4D9F13AC46DE00D47230 /* etslist.plist in Resources */ = {isa = PBXBuildFile; fileRef = 63FA4D9D13AC46DE00D47230 /* etslist.plist */; };
/* End PBXBuildFile section */

/* Begin PBXContainerItemProxy section */
		635CD85C13A3E3F200C5DE8C /* PBXContainerItemProxy */ = {
			isa = PBXContainerItemProxy;
			containerPortal = 635CD82513A3E3F100C5DE8C /* Project object */;
			proxyType = 1;
			remoteGlobalIDString = 635CD82D13A3E3F100C5DE8C;
			remoteInfo = NADC;
		};
/* End PBXContainerItemProxy section */

/* Begin PBXFileReference section */
		635CD82E13A3E3F100C5DE8C /* NADC.app */ = {isa = PBXFileReference; explicitFileType = wrapper.application; includeInIndex = 0; path = NADC.app; sourceTree = BUILT_PRODUCTS_DIR; };
		635CD83213A3E3F100C5DE8C /* UIKit.framework */ = {isa = PBXFileReference; lastKnownFileType = wrapper.framework; name = UIKit.framework; path = System/Library/Frameworks/UIKit.framework; sourceTree = SDKROOT; };
		635CD83413A3E3F100C5DE8C /* Foundation.framework */ = {isa = PBXFileReference; lastKnownFileType = wrapper.framework; name = Foundation.framework; path = System/Library/Frameworks/Foundation.framework; sourceTree = SDKROOT; };
		635CD83613A3E3F100C5DE8C /* CoreGraphics.framework */ = {isa = PBXFileReference; lastKnownFileType = wrapper.framework; name = CoreGraphics.framework; path = System/Library/Frameworks/CoreGraphics.framework; sourceTree = SDKROOT; };
		635CD83A13A3E3F100C5DE8C /* NADC-Info.plist */ = {isa = PBXFileReference; lastKnownFileType = text.plist.xml; path = "NADC-Info.plist"; sourceTree = "<group>"; };
		635CD83C13A3E3F100C5DE8C /* en */ = {isa = PBXFileReference; lastKnownFileType = text.plist.strings; name = en; path = en.lproj/InfoPlist.strings; sourceTree = "<group>"; };
		635CD83E13A3E3F100C5DE8C /* NADC-Prefix.pch */ = {isa = PBXFileReference; lastKnownFileType = sourcecode.c.h; path = "NADC-Prefix.pch"; sourceTree = "<group>"; };
		635CD83F13A3E3F100C5DE8C /* main.m */ = {isa = PBXFileReference; lastKnownFileType = sourcecode.c.objc; path = main.m; sourceTree = "<group>"; };
		635CD84113A3E3F100C5DE8C /* NADCAppDelegate.h */ = {isa = PBXFileReference; lastKnownFileType = sourcecode.c.h; path = NADCAppDelegate.h; sourceTree = "<group>"; };
		635CD84213A3E3F100C5DE8C /* NADCAppDelegate.m */ = {isa = PBXFileReference; lastKnownFileType = sourcecode.c.objc; path = NADCAppDelegate.m; sourceTree = "<group>"; };
		635CD84513A3E3F100C5DE8C /* en */ = {isa = PBXFileReference; lastKnownFileType = file.xib; name = en; path = en.lproj/MainWindow.xib; sourceTree = "<group>"; };
		635CD84713A3E3F100C5DE8C /* FirstViewController.h */ = {isa = PBXFileReference; lastKnownFileType = sourcecode.c.h; path = FirstViewController.h; sourceTree = "<group>"; };
		635CD84813A3E3F100C5DE8C /* FirstViewController.m */ = {isa = PBXFileReference; lastKnownFileType = sourcecode.c.objc; path = FirstViewController.m; sourceTree = "<group>"; };
		635CD84A13A3E3F200C5DE8C /* SecondViewController.h */ = {isa = PBXFileReference; lastKnownFileType = sourcecode.c.h; path = SecondViewController.h; sourceTree = "<group>"; };
		635CD84B13A3E3F200C5DE8C /* SecondViewController.m */ = {isa = PBXFileReference; lastKnownFileType = sourcecode.c.objc; path = SecondViewController.m; sourceTree = "<group>"; };
		635CD84E13A3E3F200C5DE8C /* en */ = {isa = PBXFileReference; lastKnownFileType = file.xib; name = en; path = en.lproj/FirstView.xib; sourceTree = "<group>"; };
		635CD85113A3E3F200C5DE8C /* en */ = {isa = PBXFileReference; lastKnownFileType = file.xib; name = en; path = en.lproj/SecondView.xib; sourceTree = "<group>"; };
		635CD85813A3E3F200C5DE8C /* NADCTests.octest */ = {isa = PBXFileReference; explicitFileType = wrapper.cfbundle; includeInIndex = 0; path = NADCTests.octest; sourceTree = BUILT_PRODUCTS_DIR; };
		635CD86013A3E3F200C5DE8C /* NADCTests-Info.plist */ = {isa = PBXFileReference; lastKnownFileType = text.plist.xml; path = "NADCTests-Info.plist"; sourceTree = "<group>"; };
		635CD86213A3E3F200C5DE8C /* en */ = {isa = PBXFileReference; lastKnownFileType = text.plist.strings; name = en; path = en.lproj/InfoPlist.strings; sourceTree = "<group>"; };
		635CD86413A3E3F200C5DE8C /* NADCTests-Prefix.pch */ = {isa = PBXFileReference; lastKnownFileType = sourcecode.c.h; path = "NADCTests-Prefix.pch"; sourceTree = "<group>"; };
		635CD86513A3E3F200C5DE8C /* NADCTests.h */ = {isa = PBXFileReference; lastKnownFileType = sourcecode.c.h; path = NADCTests.h; sourceTree = "<group>"; };
		635CD86713A3E3F200C5DE8C /* NADCTests.m */ = {isa = PBXFileReference; lastKnownFileType = sourcecode.c.objc; path = NADCTests.m; sourceTree = "<group>"; };
		635CD87113A3E4C400C5DE8C /* top_nad_banner.jpg */ = {isa = PBXFileReference; lastKnownFileType = image.jpeg; path = top_nad_banner.jpg; sourceTree = "<group>"; };
		6385803013BCF46C00B89519 /* bg_tables.png */ = {isa = PBXFileReference; lastKnownFileType = image.png; path = bg_tables.png; sourceTree = "<group>"; };
		6385803213BCFD4500B89519 /* launchimage.png */ = {isa = PBXFileReference; lastKnownFileType = image.png; path = launchimage.png; sourceTree = "<group>"; };
		6385803813BCFEAD00B89519 /* launchimage@2x.png */ = {isa = PBXFileReference; lastKnownFileType = image.png; path = "launchimage@2x.png"; sourceTree = "<group>"; };
		63B3509113B179AF00DD56EE /* top_banner.png */ = {isa = PBXFileReference; lastKnownFileType = image.png; path = top_banner.png; sourceTree = "<group>"; };
		63C0350C13B1B04700003877 /* iTunesArtwork */ = {isa = PBXFileReference; lastKnownFileType = file; path = iTunesArtwork; sourceTree = "<group>"; };
		63C0350F13B1B1CB00003877 /* icon.png */ = {isa = PBXFileReference; lastKnownFileType = image.png; path = icon.png; sourceTree = "<group>"; };
		63C0351013B1B1CB00003877 /* Icon@2x.png */ = {isa = PBXFileReference; lastKnownFileType = image.png; path = "Icon@2x.png"; sourceTree = "<group>"; };
		63CF89D313A9A24200247423 /* GeneralQuestions.h */ = {isa = PBXFileReference; fileEncoding = 4; lastKnownFileType = sourcecode.c.h; name = GeneralQuestions.h; path = ../GeneralQuestions.h; sourceTree = "<group>"; };
		63CF89D413A9A24200247423 /* GeneralQuestions.m */ = {isa = PBXFileReference; fileEncoding = 4; lastKnownFileType = sourcecode.c.objc; name = GeneralQuestions.m; path = ../GeneralQuestions.m; sourceTree = "<group>"; };
		63CF89D513A9A24200247423 /* GeneralQuestions.xib */ = {isa = PBXFileReference; fileEncoding = 4; lastKnownFileType = file.xib; name = GeneralQuestions.xib; path = ../GeneralQuestions.xib; sourceTree = "<group>"; };
		63CF89D913A9A25400247423 /* Interior.h */ = {isa = PBXFileReference; fileEncoding = 4; lastKnownFileType = sourcecode.c.h; name = Interior.h; path = ../Interior.h; sourceTree = "<group>"; };
		63CF89DA13A9A25500247423 /* Interior.m */ = {isa = PBXFileReference; fileEncoding = 4; lastKnownFileType = sourcecode.c.objc; name = Interior.m; path = ../Interior.m; sourceTree = "<group>"; };
		63CF89DB13A9A25500247423 /* Interior.xib */ = {isa = PBXFileReference; fileEncoding = 4; lastKnownFileType = file.xib; name = Interior.xib; path = ../Interior.xib; sourceTree = "<group>"; };
		63CF89F613A9A52400247423 /* Exterior.h */ = {isa = PBXFileReference; fileEncoding = 4; lastKnownFileType = sourcecode.c.h; path = Exterior.h; sourceTree = "<group>"; };
		63CF89F713A9A52400247423 /* Exterior.m */ = {isa = PBXFileReference; fileEncoding = 4; lastKnownFileType = sourcecode.c.objc; path = Exterior.m; sourceTree = "<group>"; };
		63CF89F813A9A52400247423 /* Exterior.xib */ = {isa = PBXFileReference; fileEncoding = 4; lastKnownFileType = file.xib; path = Exterior.xib; sourceTree = "<group>"; };
		63CF8A0013A9A6C100247423 /* elist.plist */ = {isa = PBXFileReference; fileEncoding = 4; lastKnownFileType = text.plist.xml; path = elist.plist; sourceTree = "<group>"; };
		63CF8A0113A9A6C100247423 /* glist.plist */ = {isa = PBXFileReference; fileEncoding = 4; lastKnownFileType = text.plist.xml; path = glist.plist; sourceTree = "<group>"; };
		63CF8A0213A9A6C100247423 /* ilist.plist */ = {isa = PBXFileReference; fileEncoding = 4; lastKnownFileType = text.plist.xml; path = ilist.plist; sourceTree = "<group>"; };
		63CF8A0313A9A6C100247423 /* tlist.plist */ = {isa = PBXFileReference; fileEncoding = 4; lastKnownFileType = text.plist.xml; path = tlist.plist; sourceTree = "<group>"; };
		63CF8A0813A9C6E900247423 /* TestDrive.h */ = {isa = PBXFileReference; fileEncoding = 4; lastKnownFileType = sourcecode.c.h; path = TestDrive.h; sourceTree = "<group>"; };
		63CF8A0913A9C6E900247423 /* TestDrive.m */ = {isa = PBXFileReference; fileEncoding = 4; lastKnownFileType = sourcecode.c.objc; path = TestDrive.m; sourceTree = "<group>"; };
		63CF8A0A13A9C6E900247423 /* TestDrive.xib */ = {isa = PBXFileReference; fileEncoding = 4; lastKnownFileType = file.xib; path = TestDrive.xib; sourceTree = "<group>"; };
		63CF8A0D13A9CE7C00247423 /* tslist.plist */ = {isa = PBXFileReference; fileEncoding = 4; lastKnownFileType = text.plist.xml; path = tslist.plist; sourceTree = "<group>"; };
		63CF8A0F13A9CFC900247423 /* eslist.plist */ = {isa = PBXFileReference; fileEncoding = 4; lastKnownFileType = text.plist.xml; path = eslist.plist; sourceTree = "<group>"; };
		63CF8A1013A9CFC900247423 /* gslist.plist */ = {isa = PBXFileReference; fileEncoding = 4; lastKnownFileType = text.plist.xml; path = gslist.plist; sourceTree = "<group>"; };
		63CF8A1113A9CFC900247423 /* islist.plist */ = {isa = PBXFileReference; fileEncoding = 4; lastKnownFileType = text.plist.xml; path = islist.plist; sourceTree = "<group>"; };
		63E1CC4F13AA7B1C00F2FAAE /* cell_gradient.png */ = {isa = PBXFileReference; lastKnownFileType = image.png; path = cell_gradient.png; sourceTree = "<group>"; };
		63E1CC5113AA7BCA00F2FAAE /* cellimage.png */ = {isa = PBXFileReference; lastKnownFileType = image.png; path = cellimage.png; sourceTree = "<group>"; };
		63E1CC5313AA7CED00F2FAAE /* fslist.plist */ = {isa = PBXFileReference; fileEncoding = 4; lastKnownFileType = text.plist.xml; path = fslist.plist; sourceTree = "<group>"; };
		63E1CC5513AA80C500F2FAAE /* tbabout.png */ = {isa = PBXFileReference; lastKnownFileType = image.png; path = tbabout.png; sourceTree = "<group>"; };
		63E1CC5613AA80C500F2FAAE /* tbchecklist.png */ = {isa = PBXFileReference; lastKnownFileType = image.png; path = tbchecklist.png; sourceTree = "<group>"; };
		63E1CC5913AA9F0200F2FAAE /* disclosure.png */ = {isa = PBXFileReference; lastKnownFileType = image.png; path = disclosure.png; sourceTree = "<group>"; };
		63FA4D9613AC45F400D47230 /* Engine.h */ = {isa = PBXFileReference; fileEncoding = 4; lastKnownFileType = sourcecode.c.h; path = Engine.h; sourceTree = "<group>"; };
		63FA4D9713AC45F400D47230 /* Engine.m */ = {isa = PBXFileReference; fileEncoding = 4; lastKnownFileType = sourcecode.c.objc; path = Engine.m; sourceTree = "<group>"; };
		63FA4D9813AC45F400D47230 /* Engine.xib */ = {isa = PBXFileReference; fileEncoding = 4; lastKnownFileType = file.xib; path = Engine.xib; sourceTree = "<group>"; };
		63FA4D9C13AC46DE00D47230 /* etlist.plist */ = {isa = PBXFileReference; fileEncoding = 4; lastKnownFileType = text.plist.xml; path = etlist.plist; sourceTree = "<group>"; };
		63FA4D9D13AC46DE00D47230 /* etslist.plist */ = {isa = PBXFileReference; fileEncoding = 4; lastKnownFileType = text.plist.xml; path = etslist.plist; sourceTree = "<group>"; };
/* End PBXFileReference section */

/* Begin PBXFrameworksBuildPhase section */
		635CD82B13A3E3F100C5DE8C /* Frameworks */ = {
			isa = PBXFrameworksBuildPhase;
			buildActionMask = 2147483647;
			files = (
				635CD83313A3E3F100C5DE8C /* UIKit.framework in Frameworks */,
				635CD83513A3E3F100C5DE8C /* Foundation.framework in Frameworks */,
				635CD83713A3E3F100C5DE8C /* CoreGraphics.framework in Frameworks */,
			);
			runOnlyForDeploymentPostprocessing = 0;
		};
		635CD85413A3E3F200C5DE8C /* Frameworks */ = {
			isa = PBXFrameworksBuildPhase;
			buildActionMask = 2147483647;
			files = (
				635CD85913A3E3F200C5DE8C /* UIKit.framework in Frameworks */,
				635CD85A13A3E3F200C5DE8C /* Foundation.framework in Frameworks */,
				635CD85B13A3E3F200C5DE8C /* CoreGraphics.framework in Frameworks */,
			);
			runOnlyForDeploymentPostprocessing = 0;
		};
/* End PBXFrameworksBuildPhase section */

/* Begin PBXGroup section */
		635CD82313A3E3F100C5DE8C = {
			isa = PBXGroup;
			children = (
				635CD83813A3E3F100C5DE8C /* NADC */,
				635CD85E13A3E3F200C5DE8C /* NADCTests */,
				635CD83113A3E3F100C5DE8C /* Frameworks */,
				635CD82F13A3E3F100C5DE8C /* Products */,
			);
			sourceTree = "<group>";
		};
		635CD82F13A3E3F100C5DE8C /* Products */ = {
			isa = PBXGroup;
			children = (
				635CD82E13A3E3F100C5DE8C /* NADC.app */,
				635CD85813A3E3F200C5DE8C /* NADCTests.octest */,
			);
			name = Products;
			sourceTree = "<group>";
		};
		635CD83113A3E3F100C5DE8C /* Frameworks */ = {
			isa = PBXGroup;
			children = (
				635CD83213A3E3F100C5DE8C /* UIKit.framework */,
				635CD83413A3E3F100C5DE8C /* Foundation.framework */,
				635CD83613A3E3F100C5DE8C /* CoreGraphics.framework */,
			);
			name = Frameworks;
			sourceTree = "<group>";
		};
		635CD83813A3E3F100C5DE8C /* NADC */ = {
			isa = PBXGroup;
			children = (
				635CD84113A3E3F100C5DE8C /* NADCAppDelegate.h */,
				635CD84213A3E3F100C5DE8C /* NADCAppDelegate.m */,
				63CF89D913A9A25400247423 /* Interior.h */,
				63CF89DA13A9A25500247423 /* Interior.m */,
				63CF89D313A9A24200247423 /* GeneralQuestions.h */,
				63CF89D413A9A24200247423 /* GeneralQuestions.m */,
				63FA4D9613AC45F400D47230 /* Engine.h */,
				63FA4D9713AC45F400D47230 /* Engine.m */,
				63CF8A0813A9C6E900247423 /* TestDrive.h */,
				63CF8A0913A9C6E900247423 /* TestDrive.m */,
				63CF89F613A9A52400247423 /* Exterior.h */,
				63CF89F713A9A52400247423 /* Exterior.m */,
				635CD84713A3E3F100C5DE8C /* FirstViewController.h */,
				635CD84813A3E3F100C5DE8C /* FirstViewController.m */,
				635CD84A13A3E3F200C5DE8C /* SecondViewController.h */,
				635CD84B13A3E3F200C5DE8C /* SecondViewController.m */,
				635CD84413A3E3F100C5DE8C /* MainWindow.xib */,
				63CF89D513A9A24200247423 /* GeneralQuestions.xib */,
				63CF89F813A9A52400247423 /* Exterior.xib */,
				63CF89DB13A9A25500247423 /* Interior.xib */,
				63CF8A0A13A9C6E900247423 /* TestDrive.xib */,
				63FA4D9813AC45F400D47230 /* Engine.xib */,
				635CD84D13A3E3F200C5DE8C /* FirstView.xib */,
				635CD85013A3E3F200C5DE8C /* SecondView.xib */,
				635CD83913A3E3F100C5DE8C /* Supporting Files */,
			);
			path = NADC;
			sourceTree = "<group>";
		};
		635CD83913A3E3F100C5DE8C /* Supporting Files */ = {
			isa = PBXGroup;
			children = (
				6385803813BCFEAD00B89519 /* launchimage@2x.png */,
				6385803213BCFD4500B89519 /* launchimage.png */,
				6385803013BCF46C00B89519 /* bg_tables.png */,
				63C0350F13B1B1CB00003877 /* icon.png */,
				63C0351013B1B1CB00003877 /* Icon@2x.png */,
				63C0350C13B1B04700003877 /* iTunesArtwork */,
				63B3509113B179AF00DD56EE /* top_banner.png */,
				63E1CC5913AA9F0200F2FAAE /* disclosure.png */,
				63E1CC5513AA80C500F2FAAE /* tbabout.png */,
				63E1CC5613AA80C500F2FAAE /* tbchecklist.png */,
				63E1CC5113AA7BCA00F2FAAE /* cellimage.png */,
				63E1CC4F13AA7B1C00F2FAAE /* cell_gradient.png */,
				635CD87113A3E4C400C5DE8C /* top_nad_banner.jpg */,
				63FA4D9C13AC46DE00D47230 /* etlist.plist */,
				63FA4D9D13AC46DE00D47230 /* etslist.plist */,
				63E1CC5313AA7CED00F2FAAE /* fslist.plist */,
				63CF8A0113A9A6C100247423 /* glist.plist */,
				63CF8A1013A9CFC900247423 /* gslist.plist */,
				63CF8A0013A9A6C100247423 /* elist.plist */,
				63CF8A0F13A9CFC900247423 /* eslist.plist */,
				63CF8A0213A9A6C100247423 /* ilist.plist */,
				63CF8A1113A9CFC900247423 /* islist.plist */,
				63CF8A0313A9A6C100247423 /* tlist.plist */,
				63CF8A0D13A9CE7C00247423 /* tslist.plist */,
				635CD83A13A3E3F100C5DE8C /* NADC-Info.plist */,
				635CD83B13A3E3F100C5DE8C /* InfoPlist.strings */,
				635CD83E13A3E3F100C5DE8C /* NADC-Prefix.pch */,
				635CD83F13A3E3F100C5DE8C /* main.m */,
			);
			name = "Supporting Files";
			sourceTree = "<group>";
		};
		635CD85E13A3E3F200C5DE8C /* NADCTests */ = {
			isa = PBXGroup;
			children = (
				635CD86513A3E3F200C5DE8C /* NADCTests.h */,
				635CD86713A3E3F200C5DE8C /* NADCTests.m */,
				635CD85F13A3E3F200C5DE8C /* Supporting Files */,
			);
			path = NADCTests;
			sourceTree = "<group>";
		};
		635CD85F13A3E3F200C5DE8C /* Supporting Files */ = {
			isa = PBXGroup;
			children = (
				635CD86013A3E3F200C5DE8C /* NADCTests-Info.plist */,
				635CD86113A3E3F200C5DE8C /* InfoPlist.strings */,
				635CD86413A3E3F200C5DE8C /* NADCTests-Prefix.pch */,
			);
			name = "Supporting Files";
			sourceTree = "<group>";
		};
/* End PBXGroup section */

/* Begin PBXNativeTarget section */
		635CD82D13A3E3F100C5DE8C /* NADC */ = {
			isa = PBXNativeTarget;
			buildConfigurationList = 635CD86B13A3E3F200C5DE8C /* Build configuration list for PBXNativeTarget "NADC" */;
			buildPhases = (
				635CD82A13A3E3F100C5DE8C /* Sources */,
				635CD82B13A3E3F100C5DE8C /* Frameworks */,
				635CD82C13A3E3F100C5DE8C /* Resources */,
			);
			buildRules = (
			);
			dependencies = (
			);
			name = NADC;
			productName = NADC;
			productReference = 635CD82E13A3E3F100C5DE8C /* NADC.app */;
			productType = "com.apple.product-type.application";
		};
		635CD85713A3E3F200C5DE8C /* NADCTests */ = {
			isa = PBXNativeTarget;
			buildConfigurationList = 635CD86E13A3E3F200C5DE8C /* Build configuration list for PBXNativeTarget "NADCTests" */;
			buildPhases = (
				635CD85313A3E3F200C5DE8C /* Sources */,
				635CD85413A3E3F200C5DE8C /* Frameworks */,
				635CD85513A3E3F200C5DE8C /* Resources */,
				635CD85613A3E3F200C5DE8C /* ShellScript */,
			);
			buildRules = (
			);
			dependencies = (
				635CD85D13A3E3F200C5DE8C /* PBXTargetDependency */,
			);
			name = NADCTests;
			productName = NADCTests;
			productReference = 635CD85813A3E3F200C5DE8C /* NADCTests.octest */;
			productType = "com.apple.product-type.bundle";
		};
/* End PBXNativeTarget section */

/* Begin PBXProject section */
		635CD82513A3E3F100C5DE8C /* Project object */ = {
			isa = PBXProject;
			attributes = {
				ORGANIZATIONNAME = "Ruta Enterprises";
			};
			buildConfigurationList = 635CD82813A3E3F100C5DE8C /* Build configuration list for PBXProject "NADC" */;
			compatibilityVersion = "Xcode 3.2";
			developmentRegion = English;
			hasScannedForEncodings = 0;
			knownRegions = (
				en,
			);
			mainGroup = 635CD82313A3E3F100C5DE8C;
			productRefGroup = 635CD82F13A3E3F100C5DE8C /* Products */;
			projectDirPath = "";
			projectRoot = "";
			targets = (
				635CD82D13A3E3F100C5DE8C /* NADC */,
				635CD85713A3E3F200C5DE8C /* NADCTests */,
			);
		};
/* End PBXProject section */

/* Begin PBXResourcesBuildPhase section */
		635CD82C13A3E3F100C5DE8C /* Resources */ = {
			isa = PBXResourcesBuildPhase;
			buildActionMask = 2147483647;
			files = (
				635CD83D13A3E3F100C5DE8C /* InfoPlist.strings in Resources */,
				635CD84613A3E3F100C5DE8C /* MainWindow.xib in Resources */,
				635CD84F13A3E3F200C5DE8C /* FirstView.xib in Resources */,
				635CD85213A3E3F200C5DE8C /* SecondView.xib in Resources */,
				635CD87213A3E4C400C5DE8C /* top_nad_banner.jpg in Resources */,
				63CF89D713A9A24200247423 /* GeneralQuestions.xib in Resources */,
				63CF89DD13A9A25500247423 /* Interior.xib in Resources */,
				63CF89FA13A9A52400247423 /* Exterior.xib in Resources */,
				63CF8A0413A9A6C100247423 /* elist.plist in Resources */,
				63CF8A0513A9A6C100247423 /* glist.plist in Resources */,
				63CF8A0613A9A6C100247423 /* ilist.plist in Resources */,
				63CF8A0713A9A6C100247423 /* tlist.plist in Resources */,
				63CF8A0C13A9C6EA00247423 /* TestDrive.xib in Resources */,
				63CF8A0E13A9CE7C00247423 /* tslist.plist in Resources */,
				63CF8A1213A9CFC900247423 /* eslist.plist in Resources */,
				63CF8A1313A9CFC900247423 /* gslist.plist in Resources */,
				63CF8A1413A9CFC900247423 /* islist.plist in Resources */,
				63E1CC5013AA7B1C00F2FAAE /* cell_gradient.png in Resources */,
				63E1CC5213AA7BCA00F2FAAE /* cellimage.png in Resources */,
				63E1CC5413AA7CED00F2FAAE /* fslist.plist in Resources */,
				63E1CC5713AA80C500F2FAAE /* tbabout.png in Resources */,
				63E1CC5813AA80C500F2FAAE /* tbchecklist.png in Resources */,
				63E1CC5A13AA9F0300F2FAAE /* disclosure.png in Resources */,
				63FA4D9A13AC45F400D47230 /* Engine.xib in Resources */,
				63FA4D9E13AC46DE00D47230 /* etlist.plist in Resources */,
				63FA4D9F13AC46DE00D47230 /* etslist.plist in Resources */,
				63B3509213B179AF00DD56EE /* top_banner.png in Resources */,
				63C0350D13B1B04700003877 /* iTunesArtwork in Resources */,
				63C0351113B1B1CB00003877 /* icon.png in Resources */,
				63C0351213B1B1CB00003877 /* Icon@2x.png in Resources */,
				6385803113BCF46C00B89519 /* bg_tables.png in Resources */,
				6385803313BCFD4500B89519 /* launchimage.png in Resources */,
				6385803913BCFEAD00B89519 /* launchimage@2x.png in Resources */,
			);
			runOnlyForDeploymentPostprocessing = 0;
		};
		635CD85513A3E3F200C5DE8C /* Resources */ = {
			isa = PBXResourcesBuildPhase;
			buildActionMask = 2147483647;
			files = (
				635CD86313A3E3F200C5DE8C /* InfoPlist.strings in Resources */,
				635CD86613A3E3F200C5DE8C /* NADCTests.h in Resources */,
			);
			runOnlyForDeploymentPostprocessing = 0;
		};
/* End PBXResourcesBuildPhase section */

/* Begin PBXShellScriptBuildPhase section */
		635CD85613A3E3F200C5DE8C /* ShellScript */ = {
			isa = PBXShellScriptBuildPhase;
			buildActionMask = 2147483647;
			files = (
			);
			inputPaths = (
			);
			outputPaths = (
			);
			runOnlyForDeploymentPostprocessing = 0;
			shellPath = /bin/sh;
			shellScript = "# Run the unit tests in this test bundle.\n\"${SYSTEM_DEVELOPER_DIR}/Tools/RunUnitTests\"\n";
		};
/* End PBXShellScriptBuildPhase section */

/* Begin PBXSourcesBuildPhase section */
		635CD82A13A3E3F100C5DE8C /* Sources */ = {
			isa = PBXSourcesBuildPhase;
			buildActionMask = 2147483647;
			files = (
				635CD84013A3E3F100C5DE8C /* main.m in Sources */,
				635CD84313A3E3F100C5DE8C /* NADCAppDelegate.m in Sources */,
				635CD84913A3E3F100C5DE8C /* FirstViewController.m in Sources */,
				635CD84C13A3E3F200C5DE8C /* SecondViewController.m in Sources */,
				63CF89D613A9A24200247423 /* GeneralQuestions.m in Sources */,
				63CF89DC13A9A25500247423 /* Interior.m in Sources */,
				63CF89F913A9A52400247423 /* Exterior.m in Sources */,
				63CF8A0B13A9C6EA00247423 /* TestDrive.m in Sources */,
				63FA4D9913AC45F400D47230 /* Engine.m in Sources */,
			);
			runOnlyForDeploymentPostprocessing = 0;
		};
		635CD85313A3E3F200C5DE8C /* Sources */ = {
			isa = PBXSourcesBuildPhase;
			buildActionMask = 2147483647;
			files = (
				635CD86813A3E3F200C5DE8C /* NADCTests.m in Sources */,
			);
			runOnlyForDeploymentPostprocessing = 0;
		};
/* End PBXSourcesBuildPhase section */

/* Begin PBXTargetDependency section */
		635CD85D13A3E3F200C5DE8C /* PBXTargetDependency */ = {
			isa = PBXTargetDependency;
			target = 635CD82D13A3E3F100C5DE8C /* NADC */;
			targetProxy = 635CD85C13A3E3F200C5DE8C /* PBXContainerItemProxy */;
		};
/* End PBXTargetDependency section */

/* Begin PBXVariantGroup section */
		635CD83B13A3E3F100C5DE8C /* InfoPlist.strings */ = {
			isa = PBXVariantGroup;
			children = (
				635CD83C13A3E3F100C5DE8C /* en */,
			);
			name = InfoPlist.strings;
			sourceTree = "<group>";
		};
		635CD84413A3E3F100C5DE8C /* MainWindow.xib */ = {
			isa = PBXVariantGroup;
			children = (
				635CD84513A3E3F100C5DE8C /* en */,
			);
			name = MainWindow.xib;
			sourceTree = "<group>";
		};
		635CD84D13A3E3F200C5DE8C /* FirstView.xib */ = {
			isa = PBXVariantGroup;
			children = (
				635CD84E13A3E3F200C5DE8C /* en */,
			);
			name = FirstView.xib;
			sourceTree = "<group>";
		};
		635CD85013A3E3F200C5DE8C /* SecondView.xib */ = {
			isa = PBXVariantGroup;
			children = (
				635CD85113A3E3F200C5DE8C /* en */,
			);
			name = SecondView.xib;
			sourceTree = "<group>";
		};
		635CD86113A3E3F200C5DE8C /* InfoPlist.strings */ = {
			isa = PBXVariantGroup;
			children = (
				635CD86213A3E3F200C5DE8C /* en */,
			);
			name = InfoPlist.strings;
			sourceTree = "<group>";
		};
/* End PBXVariantGroup section */

/* Begin XCBuildConfiguration section */
		635CD86913A3E3F200C5DE8C /* Debug */ = {
			isa = XCBuildConfiguration;
			buildSettings = {
				ARCHS = "$(ARCHS_STANDARD_32_BIT)";
				"CODE_SIGN_IDENTITY[sdk=iphoneos*]" = "iPhone Developer";
				GCC_C_LANGUAGE_STANDARD = gnu99;
				GCC_OPTIMIZATION_LEVEL = 0;
				GCC_PREPROCESSOR_DEFINITIONS = DEBUG;
				GCC_SYMBOLS_PRIVATE_EXTERN = NO;
				GCC_VERSION = com.apple.compilers.llvmgcc42;
				GCC_WARN_ABOUT_RETURN_TYPE = YES;
				GCC_WARN_UNUSED_VARIABLE = YES;
				IPHONEOS_DEPLOYMENT_TARGET = 4.3;
				SDKROOT = iphoneos;
			};
			name = Debug;
		};
		635CD86A13A3E3F200C5DE8C /* Release */ = {
			isa = XCBuildConfiguration;
			buildSettings = {
				ARCHS = "$(ARCHS_STANDARD_32_BIT)";
				"CODE_SIGN_IDENTITY[sdk=iphoneos*]" = "iPhone Developer";
				GCC_C_LANGUAGE_STANDARD = gnu99;
				GCC_VERSION = com.apple.compilers.llvmgcc42;
				GCC_WARN_ABOUT_RETURN_TYPE = YES;
				GCC_WARN_UNUSED_VARIABLE = YES;
				IPHONEOS_DEPLOYMENT_TARGET = 4.3;
				OTHER_CFLAGS = "-DNS_BLOCK_ASSERTIONS=1";
				SDKROOT = iphoneos;
			};
			name = Release;
		};
		635CD86C13A3E3F200C5DE8C /* Debug */ = {
			isa = XCBuildConfiguration;
			buildSettings = {
				ALWAYS_SEARCH_USER_PATHS = NO;
				COPY_PHASE_STRIP = NO;
				GCC_DYNAMIC_NO_PIC = NO;
				GCC_PRECOMPILE_PREFIX_HEADER = YES;
				GCC_PREFIX_HEADER = "NADC/NADC-Prefix.pch";
				INFOPLIST_FILE = "NADC/NADC-Info.plist";
				PRODUCT_NAME = "$(TARGET_NAME)";
				WRAPPER_EXTENSION = app;
			};
			name = Debug;
		};
		635CD86D13A3E3F200C5DE8C /* Release */ = {
			isa = XCBuildConfiguration;
			buildSettings = {
				ALWAYS_SEARCH_USER_PATHS = NO;
				COPY_PHASE_STRIP = YES;
				GCC_PRECOMPILE_PREFIX_HEADER = YES;
				GCC_PREFIX_HEADER = "NADC/NADC-Prefix.pch";
				INFOPLIST_FILE = "NADC/NADC-Info.plist";
				PRODUCT_NAME = "$(TARGET_NAME)";
				VALIDATE_PRODUCT = YES;
				WRAPPER_EXTENSION = app;
			};
			name = Release;
		};
		635CD86F13A3E3F200C5DE8C /* Debug */ = {
			isa = XCBuildConfiguration;
			buildSettings = {
				ALWAYS_SEARCH_USER_PATHS = NO;
				BUNDLE_LOADER = "$(BUILT_PRODUCTS_DIR)/NADC.app/NADC";
				FRAMEWORK_SEARCH_PATHS = (
					"$(SDKROOT)/Developer/Library/Frameworks",
					"$(DEVELOPER_LIBRARY_DIR)/Frameworks",
				);
				GCC_PRECOMPILE_PREFIX_HEADER = YES;
				GCC_PREFIX_HEADER = "NADCTests/NADCTests-Prefix.pch";
				INFOPLIST_FILE = "NADCTests/NADCTests-Info.plist";
				OTHER_LDFLAGS = (
					"-framework",
					SenTestingKit,
				);
				PRODUCT_NAME = "$(TARGET_NAME)";
				TEST_HOST = "$(BUNDLE_LOADER)";
				WRAPPER_EXTENSION = octest;
			};
			name = Debug;
		};
		635CD87013A3E3F200C5DE8C /* Release */ = {
			isa = XCBuildConfiguration;
			buildSettings = {
				ALWAYS_SEARCH_USER_PATHS = NO;
				BUNDLE_LOADER = "$(BUILT_PRODUCTS_DIR)/NADC.app/NADC";
				FRAMEWORK_SEARCH_PATHS = (
					"$(SDKROOT)/Developer/Library/Frameworks",
					"$(DEVELOPER_LIBRARY_DIR)/Frameworks",
				);
				GCC_PRECOMPILE_PREFIX_HEADER = YES;
				GCC_PREFIX_HEADER = "NADCTests/NADCTests-Prefix.pch";
				INFOPLIST_FILE = "NADCTests/NADCTests-Info.plist";
				OTHER_LDFLAGS = (
					"-framework",
					SenTestingKit,
				);
				PRODUCT_NAME = "$(TARGET_NAME)";
				TEST_HOST = "$(BUNDLE_LOADER)";
				WRAPPER_EXTENSION = octest;
			};
			name = Release;
		};
/* End XCBuildConfiguration section */

/* Begin XCConfigurationList section */
		635CD82813A3E3F100C5DE8C /* Build configuration list for PBXProject "NADC" */ = {
			isa = XCConfigurationList;
			buildConfigurations = (
				635CD86913A3E3F200C5DE8C /* Debug */,
				635CD86A13A3E3F200C5DE8C /* Release */,
			);
			defaultConfigurationIsVisible = 0;
			defaultConfigurationName = Release;
		};
		635CD86B13A3E3F200C5DE8C /* Build configuration list for PBXNativeTarget "NADC" */ = {
			isa = XCConfigurationList;
			buildConfigurations = (
				635CD86C13A3E3F200C5DE8C /* Debug */,
				635CD86D13A3E3F200C5DE8C /* Release */,
			);
			defaultConfigurationIsVisible = 0;
			defaultConfigurationName = Release;
		};
		635CD86E13A3E3F200C5DE8C /* Build configuration list for PBXNativeTarget "NADCTests" */ = {
			isa = XCConfigurationList;
			buildConfigurations = (
				635CD86F13A3E3F200C5DE8C /* Debug */,
				635CD87013A3E3F200C5DE8C /* Release */,
			);
			defaultConfigurationIsVisible = 0;
			defaultConfigurationName = Release;
		};
/* End XCConfigurationList section */
	};
	rootObject = 635CD82513A3E3F100C5DE8C /* Project object */;
}
